// !$*UTF8*$!
{
	archiveVersion = 1;
	classes = {
	};
	objectVersion = 46;
	objects = {

/* Begin PBXBuildFile section */
		FF51D8491C53949E007AF17B /* AppDelegate.swift in Sources */ = {isa = PBXBuildFile; fileRef = FF51D8481C53949E007AF17B /* AppDelegate.swift */; };
		FF51D84B1C53949E007AF17B /* ViewController.swift in Sources */ = {isa = PBXBuildFile; fileRef = FF51D84A1C53949E007AF17B /* ViewController.swift */; };
		FF51D84E1C53949E007AF17B /* Main.storyboard in Resources */ = {isa = PBXBuildFile; fileRef = FF51D84C1C53949E007AF17B /* Main.storyboard */; };
		FF51D8501C53949E007AF17B /* Assets.xcassets in Resources */ = {isa = PBXBuildFile; fileRef = FF51D84F1C53949E007AF17B /* Assets.xcassets */; };
		FF51D8531C53949E007AF17B /* LaunchScreen.storyboard in Resources */ = {isa = PBXBuildFile; fileRef = FF51D8511C53949E007AF17B /* LaunchScreen.storyboard */; };
		FF51D85B1C539C05007AF17B /* RGBAImage.swift in Sources */ = {isa = PBXBuildFile; fileRef = FF51D85A1C539C05007AF17B /* RGBAImage.swift */; };
		FF51D85D1C573AFF007AF17B /* TableViewController.swift in Sources */ = {isa = PBXBuildFile; fileRef = FF51D85C1C573AFF007AF17B /* TableViewController.swift */; };
/* End PBXBuildFile section */

/* Begin PBXFileReference section */
		FF51D8451C53949E007AF17B /* Filterer.app */ = {isa = PBXFileReference; explicitFileType = wrapper.application; includeInIndex = 0; path = Filterer.app; sourceTree = BUILT_PRODUCTS_DIR; };
		FF51D8481C53949E007AF17B /* AppDelegate.swift */ = {isa = PBXFileReference; lastKnownFileType = sourcecode.swift; path = AppDelegate.swift; sourceTree = "<group>"; };
		FF51D84A1C53949E007AF17B /* ViewController.swift */ = {isa = PBXFileReference; lastKnownFileType = sourcecode.swift; path = ViewController.swift; sourceTree = "<group>"; };
		FF51D84D1C53949E007AF17B /* Base */ = {isa = PBXFileReference; lastKnownFileType = file.storyboard; name = Base; path = Base.lproj/Main.storyboard; sourceTree = "<group>"; };
		FF51D84F1C53949E007AF17B /* Assets.xcassets */ = {isa = PBXFileReference; lastKnownFileType = folder.assetcatalog; path = Assets.xcassets; sourceTree = "<group>"; };
		FF51D8521C53949E007AF17B /* Base */ = {isa = PBXFileReference; lastKnownFileType = file.storyboard; name = Base; path = Base.lproj/LaunchScreen.storyboard; sourceTree = "<group>"; };
		FF51D8541C53949E007AF17B /* Info.plist */ = {isa = PBXFileReference; lastKnownFileType = text.plist.xml; path = Info.plist; sourceTree = "<group>"; };
		FF51D85A1C539C05007AF17B /* RGBAImage.swift */ = {isa = PBXFileReference; fileEncoding = 4; lastKnownFileType = sourcecode.swift; path = RGBAImage.swift; sourceTree = "<group>"; };
		FF51D85C1C573AFF007AF17B /* TableViewController.swift */ = {isa = PBXFileReference; fileEncoding = 4; lastKnownFileType = sourcecode.swift; path = TableViewController.swift; sourceTree = "<group>"; };
/* End PBXFileReference section */

/* Begin PBXFrameworksBuildPhase section */
		FF51D8421C53949E007AF17B /* Frameworks */ = {
			isa = PBXFrameworksBuildPhase;
			buildActionMask = 2147483647;
			files = (
			);
			runOnlyForDeploymentPostprocessing = 0;
		};
/* End PBXFrameworksBuildPhase section */

/* Begin PBXGroup section */
		FF51D83C1C53949E007AF17B = {
			isa = PBXGroup;
			children = (
				FF51D8471C53949E007AF17B /* Filterer */,
				FF51D8461C53949E007AF17B /* Products */,
			);
			sourceTree = "<group>";
		};
		FF51D8461C53949E007AF17B /* Products */ = {
			isa = PBXGroup;
			children = (
				FF51D8451C53949E007AF17B /* Filterer.app */,
			);
			name = Products;
			sourceTree = "<group>";
		};
		FF51D8471C53949E007AF17B /* Filterer */ = {
			isa = PBXGroup;
			children = (
				FF51D8481C53949E007AF17B /* AppDelegate.swift */,
				FF51D84A1C53949E007AF17B /* ViewController.swift */,
				FF51D85C1C573AFF007AF17B /* TableViewController.swift */,
				FF51D85A1C539C05007AF17B /* RGBAImage.swift */,
				FF51D84C1C53949E007AF17B /* Main.storyboard */,
				FF51D84F1C53949E007AF17B /* Assets.xcassets */,
				FF51D8511C53949E007AF17B /* LaunchScreen.storyboard */,
				FF51D8541C53949E007AF17B /* Info.plist */,
			);
			path = Filterer;
			sourceTree = "<group>";
		};
/* End PBXGroup section */

/* Begin PBXNativeTarget section */
		FF51D8441C53949E007AF17B /* Filterer */ = {
			isa = PBXNativeTarget;
			buildConfigurationList = FF51D8571C53949E007AF17B /* Build configuration list for PBXNativeTarget "Filterer" */;
			buildPhases = (
				FF51D8411C53949E007AF17B /* Sources */,
				FF51D8421C53949E007AF17B /* Frameworks */,
				FF51D8431C53949E007AF17B /* Resources */,
			);
			buildRules = (
			);
			dependencies = (
			);
			name = Filterer;
			productName = Filterer;
			productReference = FF51D8451C53949E007AF17B /* Filterer.app */;
			productType = "com.apple.product-type.application";
		};
/* End PBXNativeTarget section */

/* Begin PBXProject section */
		FF51D83D1C53949E007AF17B /* Project object */ = {
			isa = PBXProject;
			attributes = {
				LastSwiftUpdateCheck = 0720;
				LastUpgradeCheck = 0720;
				ORGANIZATIONNAME = "Arman Kussainov";
				TargetAttributes = {
					FF51D8441C53949E007AF17B = {
						CreatedOnToolsVersion = 7.2;
						DevelopmentTeam = 784Q6ZH5CN;
					};
				};
			};
			buildConfigurationList = FF51D8401C53949E007AF17B /* Build configuration list for PBXProject "Filterer" */;
			compatibilityVersion = "Xcode 3.2";
			developmentRegion = English;
			hasScannedForEncodings = 0;
			knownRegions = (
				en,
				Base,
			);
			mainGroup = FF51D83C1C53949E007AF17B;
			productRefGroup = FF51D8461C53949E007AF17B /* Products */;
			projectDirPath = "";
			projectRoot = "";
			targets = (
				FF51D8441C53949E007AF17B /* Filterer */,
			);
		};
/* End PBXProject section */

/* Begin PBXResourcesBuildPhase section */
		FF51D8431C53949E007AF17B /* Resources */ = {
			isa = PBXResourcesBuildPhase;
			buildActionMask = 2147483647;
			files = (
				FF51D8531C53949E007AF17B /* LaunchScreen.storyboard in Resources */,
				FF51D8501C53949E007AF17B /* Assets.xcassets in Resources */,
				FF51D84E1C53949E007AF17B /* Main.storyboard in Resources */,
			);
			runOnlyForDeploymentPostprocessing = 0;
		};
/* End PBXResourcesBuildPhase section */

/* Begin PBXSourcesBuildPhase section */
		FF51D8411C53949E007AF17B /* Sources */ = {
			isa = PBXSourcesBuildPhase;
			buildActionMask = 2147483647;
			files = (
				FF51D84B1C53949E007AF17B /* ViewController.swift in Sources */,
				FF51D85B1C539C05007AF17B /* RGBAImage.swift in Sources */,
				FF51D8491C53949E007AF17B /* AppDelegate.swift in Sources */,
				FF51D85D1C573AFF007AF17B /* TableViewController.swift in Sources */,
			);
			runOnlyForDeploymentPostprocessing = 0;
		};
/* End PBXSourcesBuildPhase section */

/* Begin PBXVariantGroup section */
		FF51D84C1C53949E007AF17B /* Main.storyboard */ = {
			isa = PBXVariantGroup;
			children = (
				FF51D84D1C53949E007AF17B /* Base */,
			);
			name = Main.storyboard;
			sourceTree = "<group>";
		};
		FF51D8511C53949E007AF17B /* LaunchScreen.storyboard */ = {
			isa = PBXVariantGroup;
			children = (
				FF51D8521C53949E007AF17B /* Base */,
			);
			name = LaunchScreen.storyboard;
			sourceTree = "<group>";
		};
/* End PBXVariantGroup section */

/* Begin XCBuildConfiguration section */
		FF51D8551C53949E007AF17B /* Debug */ = {
			isa = XCBuildConfiguration;
			buildSettings = {
				ALWAYS_SEARCH_USER_PATHS = NO;
				CLANG_CXX_LANGUAGE_STANDARD = "gnu++0x";
				CLANG_CXX_LIBRARY = "libc++";
				CLANG_ENABLE_MODULES = YES;
				CLANG_ENABLE_OBJC_ARC = YES;
				CLANG_WARN_BOOL_CONVERSION = YES;
				CLANG_WARN_CONSTANT_CONVERSION = YES;
				CLANG_WARN_DIRECT_OBJC_ISA_USAGE = YES_ERROR;
				CLANG_WARN_EMPTY_BODY = YES;
				CLANG_WARN_ENUM_CONVERSION = YES;
				CLANG_WARN_INT_CONVERSION = YES;
				CLANG_WARN_OBJC_ROOT_CLASS = YES_ERROR;
				CLANG_WARN_UNREACHABLE_CODE = YES;
				CLANG_WARN__DUPLICATE_METHOD_MATCH = YES;
				"CODE_SIGN_IDENTITY[sdk=iphoneos*]" = "iPhone Developer";
				COPY_PHASE_STRIP = NO;
				DEBUG_INFORMATION_FORMAT = dwarf;
				ENABLE_STRICT_OBJC_MSGSEND = YES;
				ENABLE_TESTABILITY = YES;
				GCC_C_LANGUAGE_STANDARD = gnu99;
				GCC_DYNAMIC_NO_PIC = NO;
				GCC_NO_COMMON_BLOCKS = YES;
				GCC_OPTIMIZATION_LEVEL = 0;
				GCC_PREPROCESSOR_DEFINITIONS = (
					"DEBUG=1",
					"$(inherited)",
				);
				GCC_WARN_64_TO_32_BIT_CONVERSION = YES;
				GCC_WARN_ABOUT_RETURN_TYPE = YES_ERROR;
				GCC_WARN_UNDECLARED_SELECTOR = YES;
				GCC_WARN_UNINITIALIZED_AUTOS = YES_AGGRESSIVE;
				GCC_WARN_UNUSED_FUNCTION = YES;
				GCC_WARN_UNUSED_VARIABLE = YES;
				IPHONEOS_DEPLOYMENT_TARGET = 9.2;
				MTL_ENABLE_DEBUG_INFO = YES;
				ONLY_ACTIVE_ARCH = YES;
				SDKROOT = iphoneos;
				SWIFT_OPTIMIZATION_LEVEL = "-Onone";
				TARGETED_DEVICE_FAMILY = "1,2";
			};
			name = Debug;
		};
		FF51D8561C53949E007AF17B /* Release */ = {
			isa = XCBuildConfiguration;
			buildSettings = {
				ALWAYS_SEARCH_USER_PATHS = NO;
				CLANG_CXX_LANGUAGE_STANDARD = "gnu++0x";
				CLANG_CXX_LIBRARY = "libc++";
				CLANG_ENABLE_MODULES = YES;
				CLANG_ENABLE_OBJC_ARC = YES;
				CLANG_WARN_BOOL_CONVERSION = YES;
				CLANG_WARN_CONSTANT_CONVERSION = YES;
				CLANG_WARN_DIRECT_OBJC_ISA_USAGE = YES_ERROR;
				CLANG_WARN_EMPTY_BODY = YES;
				CLANG_WARN_ENUM_CONVERSION = YES;
				CLANG_WARN_INT_CONVERSION = YES;
				CLANG_WARN_OBJC_ROOT_CLASS = YES_ERROR;
				CLANG_WARN_UNREACHABLE_CODE = YES;
				CLANG_WARN__DUPLICATE_METHOD_MATCH = YES;
				"CODE_SIGN_IDENTITY[sdk=iphoneos*]" = "iPhone Developer";
				COPY_PHASE_STRIP = NO;
				DEBUG_INFORMATION_FORMAT = "dwarf-with-dsym";
				ENABLE_NS_ASSERTIONS = NO;
				ENABLE_STRICT_OBJC_MSGSEND = YES;
				GCC_C_LANGUAGE_STANDARD = gnu99;
				GCC_NO_COMMON_BLOCKS = YES;
				GCC_WARN_64_TO_32_BIT_CONVERSION = YES;
				GCC_WARN_ABOUT_RETURN_TYPE = YES_ERROR;
				GCC_WARN_UNDECLARED_SELECTOR = YES;
				GCC_WARN_UNINITIALIZED_AUTOS = YES_AGGRESSIVE;
				GCC_WARN_UNUSED_FUNCTION = YES;
				GCC_WARN_UNUSED_VARIABLE = YES;
				IPHONEOS_DEPLOYMENT_TARGET = 9.2;
				MTL_ENABLE_DEBUG_INFO = NO;
				SDKROOT = iphoneos;
				TARGETED_DEVICE_FAMILY = "1,2";
				VALIDATE_PRODUCT = YES;
			};
			name = Release;
		};
		FF51D8581C53949E007AF17B /* Debug */ = {
			isa = XCBuildConfiguration;
			buildSettings = {
				ASSETCATALOG_COMPILER_APPICON_NAME = AppIcon;
				INFOPLIST_FILE = Filterer/Info.plist;
				LD_RUNPATH_SEARCH_PATHS = "$(inherited) @executable_path/Frameworks";
				PRODUCT_BUNDLE_IDENTIFIER = armankussainov.Filterer;
				PRODUCT_NAME = "$(TARGET_NAME)";
			};
			name = Debug;
		};
		FF51D8591C53949E007AF17B /* Release */ = {
			isa = XCBuildConfiguration;
			buildSettings = {
				ASSETCATALOG_COMPILER_APPICON_NAME = AppIcon;
				INFOPLIST_FILE = Filterer/Info.plist;
				LD_RUNPATH_SEARCH_PATHS = "$(inherited) @executable_path/Frameworks";
				PRODUCT_BUNDLE_IDENTIFIER = armankussainov.Filterer;
				PRODUCT_NAME = "$(TARGET_NAME)";
			};
			name = Release;
		};
/* End XCBuildConfiguration section */

/* Begin XCConfigurationList section */
		FF51D8401C53949E007AF17B /* Build configuration list for PBXProject "Filterer" */ = {
			isa = XCConfigurationList;
			buildConfigurations = (
				FF51D8551C53949E007AF17B /* Debug */,
				FF51D8561C53949E007AF17B /* Release */,
			);
			defaultConfigurationIsVisible = 0;
			defaultConfigurationName = Release;
		};
		FF51D8571C53949E007AF17B /* Build configuration list for PBXNativeTarget "Filterer" */ = {
			isa = XCConfigurationList;
			buildConfigurations = (
				FF51D8581C53949E007AF17B /* Debug */,
				FF51D8591C53949E007AF17B /* Release */,
			);
			defaultConfigurationIsVisible = 0;
		};
/* End XCConfigurationList section */
	};
	rootObject = FF51D83D1C53949E007AF17B /* Project object */;
}
